// !$*UTF8*$!
{
	archiveVersion = 1;
	classes = {
	};
	objectVersion = 46;
	objects = {

/* Begin PBXBuildFile section */
		394EFD181E0C8BBF00C58E29 /* AppDelegate.swift in Sources */ = {isa = PBXBuildFile; fileRef = 394EFD171E0C8BBF00C58E29 /* AppDelegate.swift */; };
		394EFD1A1E0C8BBF00C58E29 /* ViewController.swift in Sources */ = {isa = PBXBuildFile; fileRef = 394EFD191E0C8BBF00C58E29 /* ViewController.swift */; };
		394EFD1D1E0C8BBF00C58E29 /* Main.storyboard in Resources */ = {isa = PBXBuildFile; fileRef = 394EFD1B1E0C8BBF00C58E29 /* Main.storyboard */; };
		394EFD201E0C8BBF00C58E29 /* iOS_Project.xcdatamodeld in Sources */ = {isa = PBXBuildFile; fileRef = 394EFD1E1E0C8BBF00C58E29 /* iOS_Project.xcdatamodeld */; };
		394EFD221E0C8BBF00C58E29 /* Assets.xcassets in Resources */ = {isa = PBXBuildFile; fileRef = 394EFD211E0C8BBF00C58E29 /* Assets.xcassets */; };
		394EFD251E0C8BBF00C58E29 /* LaunchScreen.storyboard in Resources */ = {isa = PBXBuildFile; fileRef = 394EFD231E0C8BBF00C58E29 /* LaunchScreen.storyboard */; };
		394EFD301E0C8BBF00C58E29 /* iOS_ProjectTests.swift in Sources */ = {isa = PBXBuildFile; fileRef = 394EFD2F1E0C8BBF00C58E29 /* iOS_ProjectTests.swift */; };
		394EFD3B1E0C8BBF00C58E29 /* iOS_ProjectUITests.swift in Sources */ = {isa = PBXBuildFile; fileRef = 394EFD3A1E0C8BBF00C58E29 /* iOS_ProjectUITests.swift */; };
		394EFD4D1E0C917C00C58E29 /* Fabric.framework in Frameworks */ = {isa = PBXBuildFile; fileRef = 394EFD491E0C917C00C58E29 /* Fabric.framework */; };
		394EFD4E1E0C917C00C58E29 /* TwitterKit.framework in Frameworks */ = {isa = PBXBuildFile; fileRef = 394EFD4A1E0C917C00C58E29 /* TwitterKit.framework */; };
		394EFD4F1E0C917C00C58E29 /* TwitterKitResources.bundle in Resources */ = {isa = PBXBuildFile; fileRef = 394EFD4B1E0C917C00C58E29 /* TwitterKitResources.bundle */; };
		394EFD501E0C917C00C58E29 /* TwitterCore.framework in Frameworks */ = {isa = PBXBuildFile; fileRef = 394EFD4C1E0C917C00C58E29 /* TwitterCore.framework */; };
		39EE4B8E1E132F9400295802 /* Dashboard.swift in Sources */ = {isa = PBXBuildFile; fileRef = 39EE4B8D1E132F9400295802 /* Dashboard.swift */; };
		39EE4B901E133B3B00295802 /* Results.swift in Sources */ = {isa = PBXBuildFile; fileRef = 39EE4B8F1E133B3B00295802 /* Results.swift */; };
/* End PBXBuildFile section */

/* Begin PBXContainerItemProxy section */
		394EFD2C1E0C8BBF00C58E29 /* PBXContainerItemProxy */ = {
			isa = PBXContainerItemProxy;
			containerPortal = 394EFD0C1E0C8BBE00C58E29 /* Project object */;
			proxyType = 1;
			remoteGlobalIDString = 394EFD131E0C8BBE00C58E29;
			remoteInfo = iOS_Project;
		};
		394EFD371E0C8BBF00C58E29 /* PBXContainerItemProxy */ = {
			isa = PBXContainerItemProxy;
			containerPortal = 394EFD0C1E0C8BBE00C58E29 /* Project object */;
			proxyType = 1;
			remoteGlobalIDString = 394EFD131E0C8BBE00C58E29;
			remoteInfo = iOS_Project;
		};
/* End PBXContainerItemProxy section */

/* Begin PBXFileReference section */
		394EFD141E0C8BBF00C58E29 /* iOS_Project.app */ = {isa = PBXFileReference; explicitFileType = wrapper.application; includeInIndex = 0; path = iOS_Project.app; sourceTree = BUILT_PRODUCTS_DIR; };
		394EFD171E0C8BBF00C58E29 /* AppDelegate.swift */ = {isa = PBXFileReference; lastKnownFileType = sourcecode.swift; path = AppDelegate.swift; sourceTree = "<group>"; };
		394EFD191E0C8BBF00C58E29 /* ViewController.swift */ = {isa = PBXFileReference; lastKnownFileType = sourcecode.swift; path = ViewController.swift; sourceTree = "<group>"; };
		394EFD1C1E0C8BBF00C58E29 /* Base */ = {isa = PBXFileReference; lastKnownFileType = file.storyboard; name = Base; path = Base.lproj/Main.storyboard; sourceTree = "<group>"; };
		394EFD1F1E0C8BBF00C58E29 /* iOS_Project.xcdatamodel */ = {isa = PBXFileReference; lastKnownFileType = wrapper.xcdatamodel; path = iOS_Project.xcdatamodel; sourceTree = "<group>"; };
		394EFD211E0C8BBF00C58E29 /* Assets.xcassets */ = {isa = PBXFileReference; lastKnownFileType = folder.assetcatalog; path = Assets.xcassets; sourceTree = "<group>"; };
		394EFD241E0C8BBF00C58E29 /* Base */ = {isa = PBXFileReference; lastKnownFileType = file.storyboard; name = Base; path = Base.lproj/LaunchScreen.storyboard; sourceTree = "<group>"; };
		394EFD261E0C8BBF00C58E29 /* Info.plist */ = {isa = PBXFileReference; lastKnownFileType = text.plist.xml; path = Info.plist; sourceTree = "<group>"; };
		394EFD2B1E0C8BBF00C58E29 /* iOS_ProjectTests.xctest */ = {isa = PBXFileReference; explicitFileType = wrapper.cfbundle; includeInIndex = 0; path = iOS_ProjectTests.xctest; sourceTree = BUILT_PRODUCTS_DIR; };
		394EFD2F1E0C8BBF00C58E29 /* iOS_ProjectTests.swift */ = {isa = PBXFileReference; lastKnownFileType = sourcecode.swift; path = iOS_ProjectTests.swift; sourceTree = "<group>"; };
		394EFD311E0C8BBF00C58E29 /* Info.plist */ = {isa = PBXFileReference; lastKnownFileType = text.plist.xml; path = Info.plist; sourceTree = "<group>"; };
		394EFD361E0C8BBF00C58E29 /* iOS_ProjectUITests.xctest */ = {isa = PBXFileReference; explicitFileType = wrapper.cfbundle; includeInIndex = 0; path = iOS_ProjectUITests.xctest; sourceTree = BUILT_PRODUCTS_DIR; };
		394EFD3A1E0C8BBF00C58E29 /* iOS_ProjectUITests.swift */ = {isa = PBXFileReference; lastKnownFileType = sourcecode.swift; path = iOS_ProjectUITests.swift; sourceTree = "<group>"; };
		394EFD3C1E0C8BBF00C58E29 /* Info.plist */ = {isa = PBXFileReference; lastKnownFileType = text.plist.xml; path = Info.plist; sourceTree = "<group>"; };
		394EFD491E0C917C00C58E29 /* Fabric.framework */ = {isa = PBXFileReference; lastKnownFileType = wrapper.framework; path = Fabric.framework; sourceTree = "<group>"; };
		394EFD4A1E0C917C00C58E29 /* TwitterKit.framework */ = {isa = PBXFileReference; lastKnownFileType = wrapper.framework; path = TwitterKit.framework; sourceTree = "<group>"; };
		394EFD4B1E0C917C00C58E29 /* TwitterKitResources.bundle */ = {isa = PBXFileReference; lastKnownFileType = "wrapper.plug-in"; name = TwitterKitResources.bundle; path = TwitterKit.framework/Versions/A/Resources/TwitterKitResources.bundle; sourceTree = "<group>"; };
		394EFD4C1E0C917C00C58E29 /* TwitterCore.framework */ = {isa = PBXFileReference; lastKnownFileType = wrapper.framework; path = TwitterCore.framework; sourceTree = "<group>"; };
		39EE4B8D1E132F9400295802 /* Dashboard.swift */ = {isa = PBXFileReference; fileEncoding = 4; lastKnownFileType = sourcecode.swift; path = Dashboard.swift; sourceTree = "<group>"; };
		39EE4B8F1E133B3B00295802 /* Results.swift */ = {isa = PBXFileReference; fileEncoding = 4; lastKnownFileType = sourcecode.swift; path = Results.swift; sourceTree = "<group>"; };
/* End PBXFileReference section */

/* Begin PBXFrameworksBuildPhase section */
		394EFD111E0C8BBE00C58E29 /* Frameworks */ = {
			isa = PBXFrameworksBuildPhase;
			buildActionMask = 2147483647;
			files = (
				394EFD4D1E0C917C00C58E29 /* Fabric.framework in Frameworks */,
				394EFD501E0C917C00C58E29 /* TwitterCore.framework in Frameworks */,
				394EFD4E1E0C917C00C58E29 /* TwitterKit.framework in Frameworks */,
			);
			runOnlyForDeploymentPostprocessing = 0;
		};
		394EFD281E0C8BBF00C58E29 /* Frameworks */ = {
			isa = PBXFrameworksBuildPhase;
			buildActionMask = 2147483647;
			files = (
			);
			runOnlyForDeploymentPostprocessing = 0;
		};
		394EFD331E0C8BBF00C58E29 /* Frameworks */ = {
			isa = PBXFrameworksBuildPhase;
			buildActionMask = 2147483647;
			files = (
			);
			runOnlyForDeploymentPostprocessing = 0;
		};
/* End PBXFrameworksBuildPhase section */

/* Begin PBXGroup section */
		394EFD0B1E0C8BBE00C58E29 = {
			isa = PBXGroup;
			children = (
				394EFD491E0C917C00C58E29 /* Fabric.framework */,
				394EFD4A1E0C917C00C58E29 /* TwitterKit.framework */,
				394EFD4B1E0C917C00C58E29 /* TwitterKitResources.bundle */,
				394EFD4C1E0C917C00C58E29 /* TwitterCore.framework */,
				394EFD161E0C8BBF00C58E29 /* iOS_Project */,
				394EFD2E1E0C8BBF00C58E29 /* iOS_ProjectTests */,
				394EFD391E0C8BBF00C58E29 /* iOS_ProjectUITests */,
				394EFD151E0C8BBF00C58E29 /* Products */,
			);
			sourceTree = "<group>";
		};
		394EFD151E0C8BBF00C58E29 /* Products */ = {
			isa = PBXGroup;
			children = (
				394EFD141E0C8BBF00C58E29 /* iOS_Project.app */,
				394EFD2B1E0C8BBF00C58E29 /* iOS_ProjectTests.xctest */,
				394EFD361E0C8BBF00C58E29 /* iOS_ProjectUITests.xctest */,
			);
			name = Products;
			sourceTree = "<group>";
		};
		394EFD161E0C8BBF00C58E29 /* iOS_Project */ = {
			isa = PBXGroup;
			children = (
				394EFD171E0C8BBF00C58E29 /* AppDelegate.swift */,
				394EFD191E0C8BBF00C58E29 /* ViewController.swift */,
				394EFD1B1E0C8BBF00C58E29 /* Main.storyboard */,
				39EE4B8F1E133B3B00295802 /* Results.swift */,
				39EE4B8D1E132F9400295802 /* Dashboard.swift */,
				394EFD211E0C8BBF00C58E29 /* Assets.xcassets */,
				394EFD231E0C8BBF00C58E29 /* LaunchScreen.storyboard */,
				394EFD261E0C8BBF00C58E29 /* Info.plist */,
				394EFD1E1E0C8BBF00C58E29 /* iOS_Project.xcdatamodeld */,
			);
			path = iOS_Project;
			sourceTree = "<group>";
		};
		394EFD2E1E0C8BBF00C58E29 /* iOS_ProjectTests */ = {
			isa = PBXGroup;
			children = (
				394EFD2F1E0C8BBF00C58E29 /* iOS_ProjectTests.swift */,
				394EFD311E0C8BBF00C58E29 /* Info.plist */,
			);
			path = iOS_ProjectTests;
			sourceTree = "<group>";
		};
		394EFD391E0C8BBF00C58E29 /* iOS_ProjectUITests */ = {
			isa = PBXGroup;
			children = (
				394EFD3A1E0C8BBF00C58E29 /* iOS_ProjectUITests.swift */,
				394EFD3C1E0C8BBF00C58E29 /* Info.plist */,
			);
			path = iOS_ProjectUITests;
			sourceTree = "<group>";
		};
/* End PBXGroup section */

/* Begin PBXNativeTarget section */
		394EFD131E0C8BBE00C58E29 /* iOS_Project */ = {
			isa = PBXNativeTarget;
			buildConfigurationList = 394EFD3F1E0C8BBF00C58E29 /* Build configuration list for PBXNativeTarget "iOS_Project" */;
			buildPhases = (
				394EFD101E0C8BBE00C58E29 /* Sources */,
				394EFD111E0C8BBE00C58E29 /* Frameworks */,
				394EFD121E0C8BBE00C58E29 /* Resources */,
				394EFD481E0C911A00C58E29 /* ShellScript */,
			);
			buildRules = (
			);
			dependencies = (
			);
			name = iOS_Project;
			productName = iOS_Project;
			productReference = 394EFD141E0C8BBF00C58E29 /* iOS_Project.app */;
			productType = "com.apple.product-type.application";
		};
		394EFD2A1E0C8BBF00C58E29 /* iOS_ProjectTests */ = {
			isa = PBXNativeTarget;
			buildConfigurationList = 394EFD421E0C8BBF00C58E29 /* Build configuration list for PBXNativeTarget "iOS_ProjectTests" */;
			buildPhases = (
				394EFD271E0C8BBF00C58E29 /* Sources */,
				394EFD281E0C8BBF00C58E29 /* Frameworks */,
				394EFD291E0C8BBF00C58E29 /* Resources */,
			);
			buildRules = (
			);
			dependencies = (
				394EFD2D1E0C8BBF00C58E29 /* PBXTargetDependency */,
			);
			name = iOS_ProjectTests;
			productName = iOS_ProjectTests;
			productReference = 394EFD2B1E0C8BBF00C58E29 /* iOS_ProjectTests.xctest */;
			productType = "com.apple.product-type.bundle.unit-test";
		};
		394EFD351E0C8BBF00C58E29 /* iOS_ProjectUITests */ = {
			isa = PBXNativeTarget;
			buildConfigurationList = 394EFD451E0C8BBF00C58E29 /* Build configuration list for PBXNativeTarget "iOS_ProjectUITests" */;
			buildPhases = (
				394EFD321E0C8BBF00C58E29 /* Sources */,
				394EFD331E0C8BBF00C58E29 /* Frameworks */,
				394EFD341E0C8BBF00C58E29 /* Resources */,
			);
			buildRules = (
			);
			dependencies = (
				394EFD381E0C8BBF00C58E29 /* PBXTargetDependency */,
			);
			name = iOS_ProjectUITests;
			productName = iOS_ProjectUITests;
			productReference = 394EFD361E0C8BBF00C58E29 /* iOS_ProjectUITests.xctest */;
			productType = "com.apple.product-type.bundle.ui-testing";
		};
/* End PBXNativeTarget section */

/* Begin PBXProject section */
		394EFD0C1E0C8BBE00C58E29 /* Project object */ = {
			isa = PBXProject;
			attributes = {
				LastSwiftUpdateCheck = 0820;
				LastUpgradeCheck = 0820;
				ORGANIZATIONNAME = CSUMB;
				TargetAttributes = {
					394EFD131E0C8BBE00C58E29 = {
						CreatedOnToolsVersion = 8.2;
						ProvisioningStyle = Automatic;
					};
					394EFD2A1E0C8BBF00C58E29 = {
						CreatedOnToolsVersion = 8.2;
						ProvisioningStyle = Automatic;
						TestTargetID = 394EFD131E0C8BBE00C58E29;
					};
					394EFD351E0C8BBF00C58E29 = {
						CreatedOnToolsVersion = 8.2;
						ProvisioningStyle = Automatic;
						TestTargetID = 394EFD131E0C8BBE00C58E29;
					};
				};
			};
			buildConfigurationList = 394EFD0F1E0C8BBE00C58E29 /* Build configuration list for PBXProject "iOS_Project" */;
			compatibilityVersion = "Xcode 3.2";
			developmentRegion = English;
			hasScannedForEncodings = 0;
			knownRegions = (
				en,
				Base,
			);
			mainGroup = 394EFD0B1E0C8BBE00C58E29;
			productRefGroup = 394EFD151E0C8BBF00C58E29 /* Products */;
			projectDirPath = "";
			projectRoot = "";
			targets = (
				394EFD131E0C8BBE00C58E29 /* iOS_Project */,
				394EFD2A1E0C8BBF00C58E29 /* iOS_ProjectTests */,
				394EFD351E0C8BBF00C58E29 /* iOS_ProjectUITests */,
			);
		};
/* End PBXProject section */

/* Begin PBXResourcesBuildPhase section */
		394EFD121E0C8BBE00C58E29 /* Resources */ = {
			isa = PBXResourcesBuildPhase;
			buildActionMask = 2147483647;
			files = (
				394EFD4F1E0C917C00C58E29 /* TwitterKitResources.bundle in Resources */,
				394EFD251E0C8BBF00C58E29 /* LaunchScreen.storyboard in Resources */,
				394EFD221E0C8BBF00C58E29 /* Assets.xcassets in Resources */,
				394EFD1D1E0C8BBF00C58E29 /* Main.storyboard in Resources */,
			);
			runOnlyForDeploymentPostprocessing = 0;
		};
		394EFD291E0C8BBF00C58E29 /* Resources */ = {
			isa = PBXResourcesBuildPhase;
			buildActionMask = 2147483647;
			files = (
			);
			runOnlyForDeploymentPostprocessing = 0;
		};
		394EFD341E0C8BBF00C58E29 /* Resources */ = {
			isa = PBXResourcesBuildPhase;
			buildActionMask = 2147483647;
			files = (
			);
			runOnlyForDeploymentPostprocessing = 0;
		};
/* End PBXResourcesBuildPhase section */

/* Begin PBXShellScriptBuildPhase section */
		394EFD481E0C911A00C58E29 /* ShellScript */ = {
			isa = PBXShellScriptBuildPhase;
			buildActionMask = 2147483647;
			files = (
			);
			inputPaths = (
			);
			outputPaths = (
			);
			runOnlyForDeploymentPostprocessing = 0;
			shellPath = /bin/sh;
			shellScript = "./Fabric.framework/run d7515f8bdd81f6eaf6fc5ac743cc17d1ddd7a855 c9ae972608f7ece98df468d41440bcb688a44512c2e1eadb8df6e51d33df436e";
		};
/* End PBXShellScriptBuildPhase section */

/* Begin PBXSourcesBuildPhase section */
		394EFD101E0C8BBE00C58E29 /* Sources */ = {
			isa = PBXSourcesBuildPhase;
			buildActionMask = 2147483647;
			files = (
				394EFD1A1E0C8BBF00C58E29 /* ViewController.swift in Sources */,
				394EFD201E0C8BBF00C58E29 /* iOS_Project.xcdatamodeld in Sources */,
				39EE4B8E1E132F9400295802 /* Dashboard.swift in Sources */,
				394EFD181E0C8BBF00C58E29 /* AppDelegate.swift in Sources */,
				39EE4B901E133B3B00295802 /* Results.swift in Sources */,
			);
			runOnlyForDeploymentPostprocessing = 0;
		};
		394EFD271E0C8BBF00C58E29 /* Sources */ = {
			isa = PBXSourcesBuildPhase;
			buildActionMask = 2147483647;
			files = (
				394EFD301E0C8BBF00C58E29 /* iOS_ProjectTests.swift in Sources */,
			);
			runOnlyForDeploymentPostprocessing = 0;
		};
		394EFD321E0C8BBF00C58E29 /* Sources */ = {
			isa = PBXSourcesBuildPhase;
			buildActionMask = 2147483647;
			files = (
				394EFD3B1E0C8BBF00C58E29 /* iOS_ProjectUITests.swift in Sources */,
			);
			runOnlyForDeploymentPostprocessing = 0;
		};
/* End PBXSourcesBuildPhase section */

/* Begin PBXTargetDependency section */
		394EFD2D1E0C8BBF00C58E29 /* PBXTargetDependency */ = {
			isa = PBXTargetDependency;
			target = 394EFD131E0C8BBE00C58E29 /* iOS_Project */;
			targetProxy = 394EFD2C1E0C8BBF00C58E29 /* PBXContainerItemProxy */;
		};
		394EFD381E0C8BBF00C58E29 /* PBXTargetDependency */ = {
			isa = PBXTargetDependency;
			target = 394EFD131E0C8BBE00C58E29 /* iOS_Project */;
			targetProxy = 394EFD371E0C8BBF00C58E29 /* PBXContainerItemProxy */;
		};
/* End PBXTargetDependency section */

/* Begin PBXVariantGroup section */
		394EFD1B1E0C8BBF00C58E29 /* Main.storyboard */ = {
			isa = PBXVariantGroup;
			children = (
				394EFD1C1E0C8BBF00C58E29 /* Base */,
			);
			name = Main.storyboard;
			sourceTree = "<group>";
		};
		394EFD231E0C8BBF00C58E29 /* LaunchScreen.storyboard */ = {
			isa = PBXVariantGroup;
			children = (
				394EFD241E0C8BBF00C58E29 /* Base */,
			);
			name = LaunchScreen.storyboard;
			sourceTree = "<group>";
		};
/* End PBXVariantGroup section */

/* Begin XCBuildConfiguration section */
		394EFD3D1E0C8BBF00C58E29 /* Debug */ = {
			isa = XCBuildConfiguration;
			buildSettings = {
				ALWAYS_SEARCH_USER_PATHS = NO;
				CLANG_ANALYZER_NONNULL = YES;
				CLANG_CXX_LANGUAGE_STANDARD = "gnu++0x";
				CLANG_CXX_LIBRARY = "libc++";
				CLANG_ENABLE_MODULES = YES;
				CLANG_ENABLE_OBJC_ARC = YES;
				CLANG_WARN_BOOL_CONVERSION = YES;
				CLANG_WARN_CONSTANT_CONVERSION = YES;
				CLANG_WARN_DIRECT_OBJC_ISA_USAGE = YES_ERROR;
				CLANG_WARN_DOCUMENTATION_COMMENTS = YES;
				CLANG_WARN_EMPTY_BODY = YES;
				CLANG_WARN_ENUM_CONVERSION = YES;
				CLANG_WARN_INFINITE_RECURSION = YES;
				CLANG_WARN_INT_CONVERSION = YES;
				CLANG_WARN_OBJC_ROOT_CLASS = YES_ERROR;
				CLANG_WARN_SUSPICIOUS_MOVE = YES;
				CLANG_WARN_UNREACHABLE_CODE = YES;
				CLANG_WARN__DUPLICATE_METHOD_MATCH = YES;
				"CODE_SIGN_IDENTITY[sdk=iphoneos*]" = "iPhone Developer";
				COPY_PHASE_STRIP = NO;
				DEBUG_INFORMATION_FORMAT = dwarf;
				ENABLE_STRICT_OBJC_MSGSEND = YES;
				ENABLE_TESTABILITY = YES;
				GCC_C_LANGUAGE_STANDARD = gnu99;
				GCC_DYNAMIC_NO_PIC = NO;
				GCC_NO_COMMON_BLOCKS = YES;
				GCC_OPTIMIZATION_LEVEL = 0;
				GCC_PREPROCESSOR_DEFINITIONS = (
					"DEBUG=1",
					"$(inherited)",
				);
				GCC_WARN_64_TO_32_BIT_CONVERSION = YES;
				GCC_WARN_ABOUT_RETURN_TYPE = YES_ERROR;
				GCC_WARN_UNDECLARED_SELECTOR = YES;
				GCC_WARN_UNINITIALIZED_AUTOS = YES_AGGRESSIVE;
				GCC_WARN_UNUSED_FUNCTION = YES;
				GCC_WARN_UNUSED_VARIABLE = YES;
				IPHONEOS_DEPLOYMENT_TARGET = 10.2;
				MTL_ENABLE_DEBUG_INFO = YES;
				ONLY_ACTIVE_ARCH = YES;
				SDKROOT = iphoneos;
				SWIFT_ACTIVE_COMPILATION_CONDITIONS = DEBUG;
				SWIFT_OPTIMIZATION_LEVEL = "-Onone";
				TARGETED_DEVICE_FAMILY = "1,2";
			};
			name = Debug;
		};
		394EFD3E1E0C8BBF00C58E29 /* Release */ = {
			isa = XCBuildConfiguration;
			buildSettings = {
				ALWAYS_SEARCH_USER_PATHS = NO;
				CLANG_ANALYZER_NONNULL = YES;
				CLANG_CXX_LANGUAGE_STANDARD = "gnu++0x";
				CLANG_CXX_LIBRARY = "libc++";
				CLANG_ENABLE_MODULES = YES;
				CLANG_ENABLE_OBJC_ARC = YES;
				CLANG_WARN_BOOL_CONVERSION = YES;
				CLANG_WARN_CONSTANT_CONVERSION = YES;
				CLANG_WARN_DIRECT_OBJC_ISA_USAGE = YES_ERROR;
				CLANG_WARN_DOCUMENTATION_COMMENTS = YES;
				CLANG_WARN_EMPTY_BODY = YES;
				CLANG_WARN_ENUM_CONVERSION = YES;
				CLANG_WARN_INFINITE_RECURSION = YES;
				CLANG_WARN_INT_CONVERSION = YES;
				CLANG_WARN_OBJC_ROOT_CLASS = YES_ERROR;
				CLANG_WARN_SUSPICIOUS_MOVE = YES;
				CLANG_WARN_UNREACHABLE_CODE = YES;
				CLANG_WARN__DUPLICATE_METHOD_MATCH = YES;
				"CODE_SIGN_IDENTITY[sdk=iphoneos*]" = "iPhone Developer";
				COPY_PHASE_STRIP = NO;
				DEBUG_INFORMATION_FORMAT = "dwarf-with-dsym";
				ENABLE_NS_ASSERTIONS = NO;
				ENABLE_STRICT_OBJC_MSGSEND = YES;
				GCC_C_LANGUAGE_STANDARD = gnu99;
				GCC_NO_COMMON_BLOCKS = YES;
				GCC_WARN_64_TO_32_BIT_CONVERSION = YES;
				GCC_WARN_ABOUT_RETURN_TYPE = YES_ERROR;
				GCC_WARN_UNDECLARED_SELECTOR = YES;
				GCC_WARN_UNINITIALIZED_AUTOS = YES_AGGRESSIVE;
				GCC_WARN_UNUSED_FUNCTION = YES;
				GCC_WARN_UNUSED_VARIABLE = YES;
				IPHONEOS_DEPLOYMENT_TARGET = 10.2;
				MTL_ENABLE_DEBUG_INFO = NO;
				SDKROOT = iphoneos;
				SWIFT_OPTIMIZATION_LEVEL = "-Owholemodule";
				TARGETED_DEVICE_FAMILY = "1,2";
				VALIDATE_PRODUCT = YES;
			};
			name = Release;
		};
		394EFD401E0C8BBF00C58E29 /* Debug */ = {
			isa = XCBuildConfiguration;
			buildSettings = {
				ASSETCATALOG_COMPILER_APPICON_NAME = AppIcon;
				FRAMEWORK_SEARCH_PATHS = (
					"$(inherited)",
					"$(PROJECT_DIR)",
				);
				INFOPLIST_FILE = iOS_Project/Info.plist;
				IPHONEOS_DEPLOYMENT_TARGET = 10.0;
				LD_RUNPATH_SEARCH_PATHS = "$(inherited) @executable_path/Frameworks";
				PRODUCT_BUNDLE_IDENTIFIER = "edu.csumb.sanc9773.iOS-Project";
				PRODUCT_NAME = "$(TARGET_NAME)";
				SWIFT_VERSION = 3.0;
			};
			name = Debug;
		};
		394EFD411E0C8BBF00C58E29 /* Release */ = {
			isa = XCBuildConfiguration;
			buildSettings = {
				ASSETCATALOG_COMPILER_APPICON_NAME = AppIcon;
				FRAMEWORK_SEARCH_PATHS = (
					"$(inherited)",
					"$(PROJECT_DIR)",
				);
				INFOPLIST_FILE = iOS_Project/Info.plist;
				IPHONEOS_DEPLOYMENT_TARGET = 10.0;
				LD_RUNPATH_SEARCH_PATHS = "$(inherited) @executable_path/Frameworks";
				PRODUCT_BUNDLE_IDENTIFIER = "edu.csumb.sanc9773.iOS-Project";
				PRODUCT_NAME = "$(TARGET_NAME)";
				SWIFT_VERSION = 3.0;
			};
			name = Release;
		};
		394EFD431E0C8BBF00C58E29 /* Debug */ = {
			isa = XCBuildConfiguration;
			buildSettings = {
				ALWAYS_EMBED_SWIFT_STANDARD_LIBRARIES = YES;
				BUNDLE_LOADER = "$(TEST_HOST)";
				INFOPLIST_FILE = iOS_ProjectTests/Info.plist;
				IPHONEOS_DEPLOYMENT_TARGET = 10.0;
				LD_RUNPATH_SEARCH_PATHS = "$(inherited) @executable_path/Frameworks @loader_path/Frameworks";
				PRODUCT_BUNDLE_IDENTIFIER = "edu.csumb.sanc9773.iOS-ProjectTests";
				PRODUCT_NAME = "$(TARGET_NAME)";
				SWIFT_VERSION = 3.0;
				TEST_HOST = "$(BUILT_PRODUCTS_DIR)/iOS_Project.app/iOS_Project";
			};
			name = Debug;
		};
		394EFD441E0C8BBF00C58E29 /* Release */ = {
			isa = XCBuildConfiguration;
			buildSettings = {
				ALWAYS_EMBED_SWIFT_STANDARD_LIBRARIES = YES;
				BUNDLE_LOADER = "$(TEST_HOST)";
				INFOPLIST_FILE = iOS_ProjectTests/Info.plist;
				IPHONEOS_DEPLOYMENT_TARGET = 10.0;
				LD_RUNPATH_SEARCH_PATHS = "$(inherited) @executable_path/Frameworks @loader_path/Frameworks";
				PRODUCT_BUNDLE_IDENTIFIER = "edu.csumb.sanc9773.iOS-ProjectTests";
				PRODUCT_NAME = "$(TARGET_NAME)";
				SWIFT_VERSION = 3.0;
				TEST_HOST = "$(BUILT_PRODUCTS_DIR)/iOS_Project.app/iOS_Project";
			};
			name = Release;
		};
		394EFD461E0C8BBF00C58E29 /* Debug */ = {
			isa = XCBuildConfiguration;
			buildSettings = {
				ALWAYS_EMBED_SWIFT_STANDARD_LIBRARIES = YES;
				INFOPLIST_FILE = iOS_ProjectUITests/Info.plist;
				IPHONEOS_DEPLOYMENT_TARGET = 10.0;
				LD_RUNPATH_SEARCH_PATHS = "$(inherited) @executable_path/Frameworks @loader_path/Frameworks";
				PRODUCT_BUNDLE_IDENTIFIER = "edu.csumb.sanc9773.iOS-ProjectUITests";
				PRODUCT_NAME = "$(TARGET_NAME)";
				SWIFT_VERSION = 3.0;
				TEST_TARGET_NAME = iOS_Project;
			};
			name = Debug;
		};
		394EFD471E0C8BBF00C58E29 /* Release */ = {
			isa = XCBuildConfiguration;
			buildSettings = {
				ALWAYS_EMBED_SWIFT_STANDARD_LIBRARIES = YES;
				INFOPLIST_FILE = iOS_ProjectUITests/Info.plist;
				IPHONEOS_DEPLOYMENT_TARGET = 10.0;
				LD_RUNPATH_SEARCH_PATHS = "$(inherited) @executable_path/Frameworks @loader_path/Frameworks";
				PRODUCT_BUNDLE_IDENTIFIER = "edu.csumb.sanc9773.iOS-ProjectUITests";
				PRODUCT_NAME = "$(TARGET_NAME)";
				SWIFT_VERSION = 3.0;
				TEST_TARGET_NAME = iOS_Project;
			};
			name = Release;
		};
/* End XCBuildConfiguration section */

/* Begin XCConfigurationList section */
		394EFD0F1E0C8BBE00C58E29 /* Build configuration list for PBXProject "iOS_Project" */ = {
			isa = XCConfigurationList;
			buildConfigurations = (
				394EFD3D1E0C8BBF00C58E29 /* Debug */,
				394EFD3E1E0C8BBF00C58E29 /* Release */,
			);
			defaultConfigurationIsVisible = 0;
			defaultConfigurationName = Release;
		};
		394EFD3F1E0C8BBF00C58E29 /* Build configuration list for PBXNativeTarget "iOS_Project" */ = {
			isa = XCConfigurationList;
			buildConfigurations = (
				394EFD401E0C8BBF00C58E29 /* Debug */,
				394EFD411E0C8BBF00C58E29 /* Release */,
			);
			defaultConfigurationIsVisible = 0;
			defaultConfigurationName = Release;
		};
		394EFD421E0C8BBF00C58E29 /* Build configuration list for PBXNativeTarget "iOS_ProjectTests" */ = {
			isa = XCConfigurationList;
			buildConfigurations = (
				394EFD431E0C8BBF00C58E29 /* Debug */,
				394EFD441E0C8BBF00C58E29 /* Release */,
			);
			defaultConfigurationIsVisible = 0;
			defaultConfigurationName = Release;
		};
		394EFD451E0C8BBF00C58E29 /* Build configuration list for PBXNativeTarget "iOS_ProjectUITests" */ = {
			isa = XCConfigurationList;
			buildConfigurations = (
				394EFD461E0C8BBF00C58E29 /* Debug */,
				394EFD471E0C8BBF00C58E29 /* Release */,
			);
			defaultConfigurationIsVisible = 0;
			defaultConfigurationName = Release;
		};
/* End XCConfigurationList section */

/* Begin XCVersionGroup section */
		394EFD1E1E0C8BBF00C58E29 /* iOS_Project.xcdatamodeld */ = {
			isa = XCVersionGroup;
			children = (
				394EFD1F1E0C8BBF00C58E29 /* iOS_Project.xcdatamodel */,
			);
			currentVersion = 394EFD1F1E0C8BBF00C58E29 /* iOS_Project.xcdatamodel */;
			path = iOS_Project.xcdatamodeld;
			sourceTree = "<group>";
			versionGroupType = wrapper.xcdatamodel;
		};
/* End XCVersionGroup section */
	};
	rootObject = 394EFD0C1E0C8BBE00C58E29 /* Project object */;
}
